
Microsoft Visual Studio Solution File, Format Version 12.00
# Visual Studio Version 16
VisualStudioVersion = 16.0.30204.135
MinimumVisualStudioVersion = 10.0.40219.1
Project("{9A19103F-16F7-4668-BE54-9A1E7A4F7556}") = "ThinkerThingsHost", "ThinkerThingsHost\ThinkerThingsHost.csproj", "{CFED39A3-19AF-4461-A26D-0BDB1DF3C16B}"
EndProject
Project("{FAE04EC0-301F-11D3-BF4B-00C04F79EFBC}") = "AlexaSkillsKit.Lib", "AlexaSkillsKit.Lib\AlexaSkillsKit.Lib.csproj", "{0EC882A8-AACA-4BD5-B449-72F20FDB8586}"
EndProject
Project("{9A19103F-16F7-4668-BE54-9A1E7A4F7556}") = "ThinkerThings.DataContracts", "DataContracts\ThinkerThings.DataContracts.csproj", "{201CA780-9FD4-459E-AE79-98A6C3CE3B8F}"
EndProject
Project("{9A19103F-16F7-4668-BE54-9A1E7A4F7556}") = "ThinkerThings.SignalRInterfaces", "ThinkerThings.SignalRInterfaces\ThinkerThings.SignalRInterfaces.csproj", "{FA030B31-246C-4A42-9E11-81174584FCA4}"
EndProject
Project("{2150E333-8FDC-42A3-9474-1A3956D46DE8}") = "Libs", "Libs", "{6C832306-2038-4309-BDE0-6C6F6D129D1D}"
EndProject
Project("{2150E333-8FDC-42A3-9474-1A3956D46DE8}") = "Shared", "Shared", "{D8591B8B-4FC8-403B-9C10-ED47C3DEF7B7}"
EndProject
Project("{9A19103F-16F7-4668-BE54-9A1E7A4F7556}") = "Microsoft.AspNetCore.Proxy", "Microsoft.AspNetCore.Proxy\Microsoft.AspNetCore.Proxy.csproj", "{B781CE8B-06A2-41A6-AAC9-B562111920E3}"
EndProject
Global
	GlobalSection(SolutionConfigurationPlatforms) = preSolution
		Debug|Any CPU = Debug|Any CPU
		Debug|ARM = Debug|ARM
		Debug|ARM64 = Debug|ARM64
		Debug|x64 = Debug|x64
		Debug|x86 = Debug|x86
		Release|Any CPU = Release|Any CPU
		Release|ARM = Release|ARM
		Release|ARM64 = Release|ARM64
		Release|x64 = Release|x64
		Release|x86 = Release|x86
	EndGlobalSection
	GlobalSection(ProjectConfigurationPlatforms) = postSolution
		{CFED39A3-19AF-4461-A26D-0BDB1DF3C16B}.Debug|Any CPU.ActiveCfg = Debug|Any CPU
		{CFED39A3-19AF-4461-A26D-0BDB1DF3C16B}.Debug|Any CPU.Build.0 = Debug|Any CPU
		{CFED39A3-19AF-4461-A26D-0BDB1DF3C16B}.Debug|ARM.ActiveCfg = Debug|Any CPU
		{CFED39A3-19AF-4461-A26D-0BDB1DF3C16B}.Debug|ARM.Build.0 = Debug|Any CPU
		{CFED39A3-19AF-4461-A26D-0BDB1DF3C16B}.Debug|ARM64.ActiveCfg = Debug|Any CPU
		{CFED39A3-19AF-4461-A26D-0BDB1DF3C16B}.Debug|ARM64.Build.0 = Debug|Any CPU
		{CFED39A3-19AF-4461-A26D-0BDB1DF3C16B}.Debug|x64.ActiveCfg = Debug|Any CPU
		{CFED39A3-19AF-4461-A26D-0BDB1DF3C16B}.Debug|x64.Build.0 = Debug|Any CPU
		{CFED39A3-19AF-4461-A26D-0BDB1DF3C16B}.Debug|x86.ActiveCfg = Debug|Any CPU
		{CFED39A3-19AF-4461-A26D-0BDB1DF3C16B}.Debug|x86.Build.0 = Debug|Any CPU
		{CFED39A3-19AF-4461-A26D-0BDB1DF3C16B}.Release|Any CPU.ActiveCfg = Release|Any CPU
		{CFED39A3-19AF-4461-A26D-0BDB1DF3C16B}.Release|Any CPU.Build.0 = Release|Any CPU
		{CFED39A3-19AF-4461-A26D-0BDB1DF3C16B}.Release|ARM.ActiveCfg = Release|Any CPU
		{CFED39A3-19AF-4461-A26D-0BDB1DF3C16B}.Release|ARM.Build.0 = Release|Any CPU
		{CFED39A3-19AF-4461-A26D-0BDB1DF3C16B}.Release|ARM64.ActiveCfg = Release|Any CPU
		{CFED39A3-19AF-4461-A26D-0BDB1DF3C16B}.Release|ARM64.Build.0 = Release|Any CPU
		{CFED39A3-19AF-4461-A26D-0BDB1DF3C16B}.Release|x64.ActiveCfg = Release|Any CPU
		{CFED39A3-19AF-4461-A26D-0BDB1DF3C16B}.Release|x64.Build.0 = Release|Any CPU
		{CFED39A3-19AF-4461-A26D-0BDB1DF3C16B}.Release|x86.ActiveCfg = Release|Any CPU
		{CFED39A3-19AF-4461-A26D-0BDB1DF3C16B}.Release|x86.Build.0 = Release|Any CPU
		{0EC882A8-AACA-4BD5-B449-72F20FDB8586}.Debug|Any CPU.ActiveCfg = Debug|Any CPU
		{0EC882A8-AACA-4BD5-B449-72F20FDB8586}.Debug|Any CPU.Build.0 = Debug|Any CPU
		{0EC882A8-AACA-4BD5-B449-72F20FDB8586}.Debug|ARM.ActiveCfg = Debug|Any CPU
		{0EC882A8-AACA-4BD5-B449-72F20FDB8586}.Debug|ARM.Build.0 = Debug|Any CPU
		{0EC882A8-AACA-4BD5-B449-72F20FDB8586}.Debug|ARM64.ActiveCfg = Debug|Any CPU
		{0EC882A8-AACA-4BD5-B449-72F20FDB8586}.Debug|ARM64.Build.0 = Debug|Any CPU
		{0EC882A8-AACA-4BD5-B449-72F20FDB8586}.Debug|x64.ActiveCfg = Debug|Any CPU
		{0EC882A8-AACA-4BD5-B449-72F20FDB8586}.Debug|x64.Build.0 = Debug|Any CPU
		{0EC882A8-AACA-4BD5-B449-72F20FDB8586}.Debug|x86.ActiveCfg = Debug|Any CPU
		{0EC882A8-AACA-4BD5-B449-72F20FDB8586}.Debug|x86.Build.0 = Debug|Any CPU
		{0EC882A8-AACA-4BD5-B449-72F20FDB8586}.Release|Any CPU.ActiveCfg = Release|Any CPU
		{0EC882A8-AACA-4BD5-B449-72F20FDB8586}.Release|Any CPU.Build.0 = Release|Any CPU
		{0EC882A8-AACA-4BD5-B449-72F20FDB8586}.Release|ARM.ActiveCfg = Release|Any CPU
		{0EC882A8-AACA-4BD5-B449-72F20FDB8586}.Release|ARM.Build.0 = Release|Any CPU
		{0EC882A8-AACA-4BD5-B449-72F20FDB8586}.Release|ARM64.ActiveCfg = Release|Any CPU
		{0EC882A8-AACA-4BD5-B449-72F20FDB8586}.Release|ARM64.Build.0 = Release|Any CPU
		{0EC882A8-AACA-4BD5-B449-72F20FDB8586}.Release|x64.ActiveCfg = Release|Any CPU
		{0EC882A8-AACA-4BD5-B449-72F20FDB8586}.Release|x64.Build.0 = Release|Any CPU
		{0EC882A8-AACA-4BD5-B449-72F20FDB8586}.Release|x86.ActiveCfg = Release|Any CPU
		{0EC882A8-AACA-4BD5-B449-72F20FDB8586}.Release|x86.Build.0 = Release|Any CPU
		{201CA780-9FD4-459E-AE79-98A6C3CE3B8F}.Debug|Any CPU.ActiveCfg = Debug|Any CPU
		{201CA780-9FD4-459E-AE79-98A6C3CE3B8F}.Debug|Any CPU.Build.0 = Debug|Any CPU
		{201CA780-9FD4-459E-AE79-98A6C3CE3B8F}.Debug|ARM.ActiveCfg = Debug|Any CPU
		{201CA780-9FD4-459E-AE79-98A6C3CE3B8F}.Debug|ARM.Build.0 = Debug|Any CPU
		{201CA780-9FD4-459E-AE79-98A6C3CE3B8F}.Debug|ARM64.ActiveCfg = Debug|Any CPU
		{201CA780-9FD4-459E-AE79-98A6C3CE3B8F}.Debug|ARM64.Build.0 = Debug|Any CPU
		{201CA780-9FD4-459E-AE79-98A6C3CE3B8F}.Debug|x64.ActiveCfg = Debug|Any CPU
		{201CA780-9FD4-459E-AE79-98A6C3CE3B8F}.Debug|x64.Build.0 = Debug|Any CPU
		{201CA780-9FD4-459E-AE79-98A6C3CE3B8F}.Debug|x86.ActiveCfg = Debug|Any CPU
		{201CA780-9FD4-459E-AE79-98A6C3CE3B8F}.Debug|x86.Build.0 = Debug|Any CPU
		{201CA780-9FD4-459E-AE79-98A6C3CE3B8F}.Release|Any CPU.ActiveCfg = Release|Any CPU
		{201CA780-9FD4-459E-AE79-98A6C3CE3B8F}.Release|Any CPU.Build.0 = Release|Any CPU
		{201CA780-9FD4-459E-AE79-98A6C3CE3B8F}.Release|ARM.ActiveCfg = Release|Any CPU
		{201CA780-9FD4-459E-AE79-98A6C3CE3B8F}.Release|ARM.Build.0 = Release|Any CPU
		{201CA780-9FD4-459E-AE79-98A6C3CE3B8F}.Release|ARM64.ActiveCfg = Release|Any CPU
		{201CA780-9FD4-459E-AE79-98A6C3CE3B8F}.Release|ARM64.Build.0 = Release|Any CPU
		{201CA780-9FD4-459E-AE79-98A6C3CE3B8F}.Release|x64.ActiveCfg = Release|Any CPU
		{201CA780-9FD4-459E-AE79-98A6C3CE3B8F}.Release|x64.Build.0 = Release|Any CPU
		{201CA780-9FD4-459E-AE79-98A6C3CE3B8F}.Release|x86.ActiveCfg = Release|Any CPU
		{201CA780-9FD4-459E-AE79-98A6C3CE3B8F}.Release|x86.Build.0 = Release|Any CPU
		{FA030B31-246C-4A42-9E11-81174584FCA4}.Debug|Any CPU.ActiveCfg = Debug|Any CPU
		{FA030B31-246C-4A42-9E11-81174584FCA4}.Debug|Any CPU.Build.0 = Debug|Any CPU
		{FA030B31-246C-4A42-9E11-81174584FCA4}.Debug|ARM.ActiveCfg = Debug|Any CPU
		{FA030B31-246C-4A42-9E11-81174584FCA4}.Debug|ARM.Build.0 = Debug|Any CPU
		{FA030B31-246C-4A42-9E11-81174584FCA4}.Debug|ARM64.ActiveCfg = Debug|Any CPU
		{FA030B31-246C-4A42-9E11-81174584FCA4}.Debug|ARM64.Build.0 = Debug|Any CPU
		{FA030B31-246C-4A42-9E11-81174584FCA4}.Debug|x64.ActiveCfg = Debug|Any CPU
		{FA030B31-246C-4A42-9E11-81174584FCA4}.Debug|x64.Build.0 = Debug|Any CPU
		{FA030B31-246C-4A42-9E11-81174584FCA4}.Debug|x86.ActiveCfg = Debug|Any CPU
		{FA030B31-246C-4A42-9E11-81174584FCA4}.Debug|x86.Build.0 = Debug|Any CPU
		{FA030B31-246C-4A42-9E11-81174584FCA4}.Release|Any CPU.ActiveCfg = Release|Any CPU
		{FA030B31-246C-4A42-9E11-81174584FCA4}.Release|Any CPU.Build.0 = Release|Any CPU
		{FA030B31-246C-4A42-9E11-81174584FCA4}.Release|ARM.ActiveCfg = Release|Any CPU
		{FA030B31-246C-4A42-9E11-81174584FCA4}.Release|ARM.Build.0 = Release|Any CPU
		{FA030B31-246C-4A42-9E11-81174584FCA4}.Release|ARM64.ActiveCfg = Release|Any CPU
		{FA030B31-246C-4A42-9E11-81174584FCA4}.Release|ARM64.Build.0 = Release|Any CPU
		{FA030B31-246C-4A42-9E11-81174584FCA4}.Release|x64.ActiveCfg = Release|Any CPU
		{FA030B31-246C-4A42-9E11-81174584FCA4}.Release|x64.Build.0 = Release|Any CPU
		{FA030B31-246C-4A42-9E11-81174584FCA4}.Release|x86.ActiveCfg = Release|Any CPU
		{FA030B31-246C-4A42-9E11-81174584FCA4}.Release|x86.Build.0 = Release|Any CPU
		{B781CE8B-06A2-41A6-AAC9-B562111920E3}.Debug|Any CPU.ActiveCfg = Debug|Any CPU
		{B781CE8B-06A2-41A6-AAC9-B562111920E3}.Debug|Any CPU.Build.0 = Debug|Any CPU
		{B781CE8B-06A2-41A6-AAC9-B562111920E3}.Debug|ARM.ActiveCfg = Debug|Any CPU
		{B781CE8B-06A2-41A6-AAC9-B562111920E3}.Debug|ARM.Build.0 = Debug|Any CPU
		{B781CE8B-06A2-41A6-AAC9-B562111920E3}.Debug|ARM64.ActiveCfg = Debug|Any CPU
		{B781CE8B-06A2-41A6-AAC9-B562111920E3}.Debug|ARM64.Build.0 = Debug|Any CPU
		{B781CE8B-06A2-41A6-AAC9-B562111920E3}.Debug|x64.ActiveCfg = Debug|Any CPU
		{B781CE8B-06A2-41A6-AAC9-B562111920E3}.Debug|x64.Build.0 = Debug|Any CPU
		{B781CE8B-06A2-41A6-AAC9-B562111920E3}.Debug|x86.ActiveCfg = Debug|Any CPU
		{B781CE8B-06A2-41A6-AAC9-B562111920E3}.Debug|x86.Build.0 = Debug|Any CPU
		{B781CE8B-06A2-41A6-AAC9-B562111920E3}.Release|Any CPU.ActiveCfg = Release|Any CPU
		{B781CE8B-06A2-41A6-AAC9-B562111920E3}.Release|Any CPU.Build.0 = Release|Any CPU
		{B781CE8B-06A2-41A6-AAC9-B562111920E3}.Release|ARM.ActiveCfg = Release|Any CPU
		{B781CE8B-06A2-41A6-AAC9-B562111920E3}.Release|ARM.Build.0 = Release|Any CPU
		{B781CE8B-06A2-41A6-AAC9-B562111920E3}.Release|ARM64.ActiveCfg = Release|Any CPU
		{B781CE8B-06A2-41A6-AAC9-B562111920E3}.Release|ARM64.Build.0 = Release|Any CPU
		{B781CE8B-06A2-41A6-AAC9-B562111920E3}.Release|x64.ActiveCfg = Release|Any CPU
		{B781CE8B-06A2-41A6-AAC9-B562111920E3}.Release|x64.Build.0 = Release|Any CPU
		{B781CE8B-06A2-41A6-AAC9-B562111920E3}.Release|x86.ActiveCfg = Release|Any CPU
		{B781CE8B-06A2-41A6-AAC9-B562111920E3}.Release|x86.Build.0 = Release|Any CPU
	EndGlobalSection
	GlobalSection(SolutionProperties) = preSolution
		HideSolutionNode = FALSE
	EndGlobalSection
	GlobalSection(NestedProjects) = preSolution
		{0EC882A8-AACA-4BD5-B449-72F20FDB8586} = {6C832306-2038-4309-BDE0-6C6F6D129D1D}
		{201CA780-9FD4-459E-AE79-98A6C3CE3B8F} = {D8591B8B-4FC8-403B-9C10-ED47C3DEF7B7}
		{FA030B31-246C-4A42-9E11-81174584FCA4} = {D8591B8B-4FC8-403B-9C10-ED47C3DEF7B7}
		{B781CE8B-06A2-41A6-AAC9-B562111920E3} = {6C832306-2038-4309-BDE0-6C6F6D129D1D}
	EndGlobalSection
	GlobalSection(ExtensibilityGlobals) = postSolution
		SolutionGuid = {CCF4E402-8B51-4D9E-94D9-D7FE55CBF079}
	EndGlobalSection
EndGlobal
